
Microsoft Visual Studio Solution File, Format Version 12.00
# Visual Studio Version 16
VisualStudioVersion = 16.0.31205.134
MinimumVisualStudioVersion = 10.0.40219.1
Project("{FAE04EC0-301F-11D3-BF4B-00C04F79EFBC}") = "Lab-9_Ex-Katok", "Lab-9_Ex-Katok\Lab-9_Ex-Katok.csproj", "{B176DCF2-8FC9-45E6-804F-D2C8C6A73B0A}"
EndProject
Global
	GlobalSection(SolutionConfigurationPlatforms) = preSolution
		Debug|Any CPU = Debug|Any CPU
		Release|Any CPU = Release|Any CPU
	EndGlobalSection
	GlobalSection(ProjectConfigurationPlatforms) = postSolution
		{B176DCF2-8FC9-45E6-804F-D2C8C6A73B0A}.Debug|Any CPU.ActiveCfg = Debug|Any CPU
		{B176DCF2-8FC9-45E6-804F-D2C8C6A73B0A}.Debug|Any CPU.Build.0 = Debug|Any CPU
		{B176DCF2-8FC9-45E6-804F-D2C8C6A73B0A}.Release|Any CPU.ActiveCfg = Release|Any CPU
		{B176DCF2-8FC9-45E6-804F-D2C8C6A73B0A}.Release|Any CPU.Build.0 = Release|Any CPU
	EndGlobalSection
	GlobalSection(SolutionProperties) = preSolution
		HideSolutionNode = FALSE
	EndGlobalSection
	GlobalSection(ExtensibilityGlobals) = postSolution
		SolutionGuid = {B3CCECB9-2762-4F12-B610-64C24A10B1C6}
	EndGlobalSection
EndGlobal
