
Microsoft Visual Studio Solution File, Format Version 12.00
# Visual Studio Version 16
VisualStudioVersion = 16.0.31005.135
MinimumVisualStudioVersion = 10.0.40219.1
Project("{FAE04EC0-301F-11D3-BF4B-00C04F79EFBC}") = "ООП_7.3", "ООП_7.3.csproj", "{3FA0737A-CD19-4632-9F7D-3D18880C5FAE}"
EndProject
Global
	GlobalSection(SolutionConfigurationPlatforms) = preSolution
		Debug|Any CPU = Debug|Any CPU
		Release|Any CPU = Release|Any CPU
	EndGlobalSection
	GlobalSection(ProjectConfigurationPlatforms) = postSolution
		{3FA0737A-CD19-4632-9F7D-3D18880C5FAE}.Debug|Any CPU.ActiveCfg = Debug|Any CPU
		{3FA0737A-CD19-4632-9F7D-3D18880C5FAE}.Debug|Any CPU.Build.0 = Debug|Any CPU
		{3FA0737A-CD19-4632-9F7D-3D18880C5FAE}.Release|Any CPU.ActiveCfg = Release|Any CPU
		{3FA0737A-CD19-4632-9F7D-3D18880C5FAE}.Release|Any CPU.Build.0 = Release|Any CPU
	EndGlobalSection
	GlobalSection(SolutionProperties) = preSolution
		HideSolutionNode = FALSE
	EndGlobalSection
	GlobalSection(ExtensibilityGlobals) = postSolution
		SolutionGuid = {C98504D4-62AC-40DA-86BE-50A2BC710E70}
	EndGlobalSection
EndGlobal
