
Microsoft Visual Studio Solution File, Format Version 12.00
# Visual Studio Version 16
VisualStudioVersion = 16.0.31005.135
MinimumVisualStudioVersion = 10.0.40219.1
Project("{FAE04EC0-301F-11D3-BF4B-00C04F79EFBC}") = "ООП_8", "ООП_8.csproj", "{BC4FCF8B-0B96-4103-BE6D-71A3FEBB8E60}"
EndProject
Global
	GlobalSection(SolutionConfigurationPlatforms) = preSolution
		Debug|Any CPU = Debug|Any CPU
		Release|Any CPU = Release|Any CPU
	EndGlobalSection
	GlobalSection(ProjectConfigurationPlatforms) = postSolution
		{BC4FCF8B-0B96-4103-BE6D-71A3FEBB8E60}.Debug|Any CPU.ActiveCfg = Debug|Any CPU
		{BC4FCF8B-0B96-4103-BE6D-71A3FEBB8E60}.Debug|Any CPU.Build.0 = Debug|Any CPU
		{BC4FCF8B-0B96-4103-BE6D-71A3FEBB8E60}.Release|Any CPU.ActiveCfg = Release|Any CPU
		{BC4FCF8B-0B96-4103-BE6D-71A3FEBB8E60}.Release|Any CPU.Build.0 = Release|Any CPU
	EndGlobalSection
	GlobalSection(SolutionProperties) = preSolution
		HideSolutionNode = FALSE
	EndGlobalSection
	GlobalSection(ExtensibilityGlobals) = postSolution
		SolutionGuid = {16B06FAA-D2D5-43A3-9DFE-A040218231D0}
	EndGlobalSection
EndGlobal
